
Microsoft Visual Studio Solution File, Format Version 12.00
# Visual Studio Version 16
VisualStudioVersion = 16.0.31702.278
MinimumVisualStudioVersion = 10.0.40219.1
Project("{FAE04EC0-301F-11D3-BF4B-00C04F79EFBC}") = "GOODMUSIC", "GOODMUSIC\GOODMUSIC.csproj", "{C475069A-29FC-4438-8C83-1F2EEAB93FF4}"
EndProject
Global
	GlobalSection(SolutionConfigurationPlatforms) = preSolution
		Debug|Any CPU = Debug|Any CPU
		Release|Any CPU = Release|Any CPU
	EndGlobalSection
	GlobalSection(ProjectConfigurationPlatforms) = postSolution
		{C475069A-29FC-4438-8C83-1F2EEAB93FF4}.Debug|Any CPU.ActiveCfg = Debug|Any CPU
		{C475069A-29FC-4438-8C83-1F2EEAB93FF4}.Debug|Any CPU.Build.0 = Debug|Any CPU
		{C475069A-29FC-4438-8C83-1F2EEAB93FF4}.Release|Any CPU.ActiveCfg = Release|Any CPU
		{C475069A-29FC-4438-8C83-1F2EEAB93FF4}.Release|Any CPU.Build.0 = Release|Any CPU
	EndGlobalSection
	GlobalSection(SolutionProperties) = preSolution
		HideSolutionNode = FALSE
	EndGlobalSection
	GlobalSection(ExtensibilityGlobals) = postSolution
		SolutionGuid = {3D166C60-5B97-46E6-8EF4-6CB03FA4C96A}
	EndGlobalSection
EndGlobal
